
Microsoft Visual Studio Solution File, Format Version 12.00
# Visual Studio Version 17
VisualStudioVersion = 17.14.36414.22 d17.14
MinimumVisualStudioVersion = 10.0.40219.1
Project("{FAE04EC0-301F-11D3-BF4B-00C04F79EFBC}") = "TaskManagement", "TaskManagement.csproj", "{B03DC317-52FE-4767-838C-19527A7AD518}"
EndProject
Project("{FAE04EC0-301F-11D3-BF4B-00C04F79EFBC}") = "TaskManagement.Services", "..\TaskManagement.Services\TaskManagement.Services.csproj", "{84AFABFF-D662-4AB4-8C65-C90BC165AAB2}"
EndProject
Project("{FAE04EC0-301F-11D3-BF4B-00C04F79EFBC}") = "TaskManagement.Models", "..\TaskManagement.Models\TaskManagement.Models.csproj", "{5531A472-6DB2-4814-B273-B3ECA4D29D17}"
EndProject
Global
	GlobalSection(SolutionConfigurationPlatforms) = preSolution
		Debug|Any CPU = Debug|Any CPU
		Release|Any CPU = Release|Any CPU
	EndGlobalSection
	GlobalSection(ProjectConfigurationPlatforms) = postSolution
		{B03DC317-52FE-4767-838C-19527A7AD518}.Debug|Any CPU.ActiveCfg = Debug|Any CPU
		{B03DC317-52FE-4767-838C-19527A7AD518}.Debug|Any CPU.Build.0 = Debug|Any CPU
		{B03DC317-52FE-4767-838C-19527A7AD518}.Release|Any CPU.ActiveCfg = Release|Any CPU
		{B03DC317-52FE-4767-838C-19527A7AD518}.Release|Any CPU.Build.0 = Release|Any CPU
		{84AFABFF-D662-4AB4-8C65-C90BC165AAB2}.Debug|Any CPU.ActiveCfg = Debug|Any CPU
		{84AFABFF-D662-4AB4-8C65-C90BC165AAB2}.Debug|Any CPU.Build.0 = Debug|Any CPU
		{84AFABFF-D662-4AB4-8C65-C90BC165AAB2}.Release|Any CPU.ActiveCfg = Release|Any CPU
		{84AFABFF-D662-4AB4-8C65-C90BC165AAB2}.Release|Any CPU.Build.0 = Release|Any CPU
		{5531A472-6DB2-4814-B273-B3ECA4D29D17}.Debug|Any CPU.ActiveCfg = Debug|Any CPU
		{5531A472-6DB2-4814-B273-B3ECA4D29D17}.Debug|Any CPU.Build.0 = Debug|Any CPU
		{5531A472-6DB2-4814-B273-B3ECA4D29D17}.Release|Any CPU.ActiveCfg = Release|Any CPU
		{5531A472-6DB2-4814-B273-B3ECA4D29D17}.Release|Any CPU.Build.0 = Release|Any CPU
	EndGlobalSection
	GlobalSection(SolutionProperties) = preSolution
		HideSolutionNode = FALSE
	EndGlobalSection
	GlobalSection(ExtensibilityGlobals) = postSolution
		SolutionGuid = {6972D12E-5EFC-43A1-9669-DA9998F25FC6}
	EndGlobalSection
EndGlobal
